
Microsoft Visual Studio Solution File, Format Version 12.00
# Visual Studio Version 17
VisualStudioVersion = 17.2.32210.308
MinimumVisualStudioVersion = 10.0.40219.1
Project("{9A19103F-16F7-4668-BE54-9A1E7A4F7556}") = "FrizzApp.Api", "FrizzApp.Api\FrizzApp.Api.csproj", "{6A158171-D184-4669-B5F7-C44D838D521D}"
EndProject
Project("{9A19103F-16F7-4668-BE54-9A1E7A4F7556}") = "FirzzApp.Business", "FirzzApp.Business\FirzzApp.Business.csproj", "{C48136AE-B39F-4C45-AA09-9767E79BF127}"
EndProject
Project("{9A19103F-16F7-4668-BE54-9A1E7A4F7556}") = "FrizzApp.Data", "FrizzApp.Data\FrizzApp.Data.csproj", "{12FA6B6D-4C0A-4BE0-9248-80897D26D02D}"
EndProject
Global
	GlobalSection(SolutionConfigurationPlatforms) = preSolution
		Debug|Any CPU = Debug|Any CPU
		Release|Any CPU = Release|Any CPU
	EndGlobalSection
	GlobalSection(ProjectConfigurationPlatforms) = postSolution
		{6A158171-D184-4669-B5F7-C44D838D521D}.Debug|Any CPU.ActiveCfg = Debug|Any CPU
		{6A158171-D184-4669-B5F7-C44D838D521D}.Debug|Any CPU.Build.0 = Debug|Any CPU
		{6A158171-D184-4669-B5F7-C44D838D521D}.Release|Any CPU.ActiveCfg = Release|Any CPU
		{6A158171-D184-4669-B5F7-C44D838D521D}.Release|Any CPU.Build.0 = Release|Any CPU
		{C48136AE-B39F-4C45-AA09-9767E79BF127}.Debug|Any CPU.ActiveCfg = Debug|Any CPU
		{C48136AE-B39F-4C45-AA09-9767E79BF127}.Debug|Any CPU.Build.0 = Debug|Any CPU
		{C48136AE-B39F-4C45-AA09-9767E79BF127}.Release|Any CPU.ActiveCfg = Release|Any CPU
		{C48136AE-B39F-4C45-AA09-9767E79BF127}.Release|Any CPU.Build.0 = Release|Any CPU
		{12FA6B6D-4C0A-4BE0-9248-80897D26D02D}.Debug|Any CPU.ActiveCfg = Debug|Any CPU
		{12FA6B6D-4C0A-4BE0-9248-80897D26D02D}.Debug|Any CPU.Build.0 = Debug|Any CPU
		{12FA6B6D-4C0A-4BE0-9248-80897D26D02D}.Release|Any CPU.ActiveCfg = Release|Any CPU
		{12FA6B6D-4C0A-4BE0-9248-80897D26D02D}.Release|Any CPU.Build.0 = Release|Any CPU
	EndGlobalSection
	GlobalSection(SolutionProperties) = preSolution
		HideSolutionNode = FALSE
	EndGlobalSection
	GlobalSection(ExtensibilityGlobals) = postSolution
		SolutionGuid = {1578A74E-17EB-411D-8442-8FC95FEEC72C}
	EndGlobalSection
EndGlobal
